
Microsoft Visual Studio Solution File, Format Version 12.00
# Visual Studio Version 17
VisualStudioVersion = 17.14.36623.8
MinimumVisualStudioVersion = 10.0.40219.1
Project("{FAE04EC0-301F-11D3-BF4B-00C04F79EFBC}") = "SistemaProducao3D.Modelos", "SistemaProducao3D.Modelos\SistemaProducao3D.Modelos.csproj", "{325DEE21-2243-4BE1-A082-E0D959FADC29}"
EndProject
Project("{FAE04EC0-301F-11D3-BF4B-00C04F79EFBC}") = "Data", "Data\Data.csproj", "{F0563C8B-0B10-4925-8052-41AAAC4091C7}"
EndProject
Project("{FAE04EC0-301F-11D3-BF4B-00C04F79EFBC}") = "Business Logic", "Services\Business Logic.csproj", "{EEFA40A6-5AAB-4F84-91BD-C60660F79F26}"
EndProject
Project("{FAE04EC0-301F-11D3-BF4B-00C04F79EFBC}") = "SistemaProducao3D.Integration", "SistemaProducao3D.Integration\SistemaProducao3D.Integration.csproj", "{171A91C3-100D-42A0-A70F-49EEF239F26E}"
EndProject
Project("{FAE04EC0-301F-11D3-BF4B-00C04F79EFBC}") = "Console.Teste.System3D", "Console.Teste.System3D\Console.Teste.System3D.csproj", "{F98562AA-F8E0-48BF-BD01-AE3C2A1F06F1}"
EndProject
Project("{FAE04EC0-301F-11D3-BF4B-00C04F79EFBC}") = "SistemaProducao3D.API.Controllers", "SistemaProducao3D.API.Controllers\SistemaProducao3D.API.Controllers.csproj", "{E1A22647-CBF1-4DF1-B5BD-E1CC1FA5652D}"
EndProject
Project("{2150E333-8FDC-42A3-9474-1A3956D46DE8}") = "Solution Items", "Solution Items", "{02EA681E-C7D8-13C7-8484-4AC65E1B71E8}"
	ProjectSection(SolutionItems) = preProject
		.editorconfig = .editorconfig
	EndProjectSection
EndProject
Global
	GlobalSection(SolutionConfigurationPlatforms) = preSolution
		Debug|Any CPU = Debug|Any CPU
		Release|Any CPU = Release|Any CPU
	EndGlobalSection
	GlobalSection(ProjectConfigurationPlatforms) = postSolution
		{325DEE21-2243-4BE1-A082-E0D959FADC29}.Debug|Any CPU.ActiveCfg = Debug|Any CPU
		{325DEE21-2243-4BE1-A082-E0D959FADC29}.Debug|Any CPU.Build.0 = Debug|Any CPU
		{325DEE21-2243-4BE1-A082-E0D959FADC29}.Release|Any CPU.ActiveCfg = Release|Any CPU
		{325DEE21-2243-4BE1-A082-E0D959FADC29}.Release|Any CPU.Build.0 = Release|Any CPU
		{F0563C8B-0B10-4925-8052-41AAAC4091C7}.Debug|Any CPU.ActiveCfg = Debug|Any CPU
		{F0563C8B-0B10-4925-8052-41AAAC4091C7}.Debug|Any CPU.Build.0 = Debug|Any CPU
		{F0563C8B-0B10-4925-8052-41AAAC4091C7}.Release|Any CPU.ActiveCfg = Release|Any CPU
		{F0563C8B-0B10-4925-8052-41AAAC4091C7}.Release|Any CPU.Build.0 = Release|Any CPU
		{EEFA40A6-5AAB-4F84-91BD-C60660F79F26}.Debug|Any CPU.ActiveCfg = Debug|Any CPU
		{EEFA40A6-5AAB-4F84-91BD-C60660F79F26}.Debug|Any CPU.Build.0 = Debug|Any CPU
		{EEFA40A6-5AAB-4F84-91BD-C60660F79F26}.Release|Any CPU.ActiveCfg = Release|Any CPU
		{EEFA40A6-5AAB-4F84-91BD-C60660F79F26}.Release|Any CPU.Build.0 = Release|Any CPU
		{171A91C3-100D-42A0-A70F-49EEF239F26E}.Debug|Any CPU.ActiveCfg = Debug|Any CPU
		{171A91C3-100D-42A0-A70F-49EEF239F26E}.Debug|Any CPU.Build.0 = Debug|Any CPU
		{171A91C3-100D-42A0-A70F-49EEF239F26E}.Release|Any CPU.ActiveCfg = Release|Any CPU
		{171A91C3-100D-42A0-A70F-49EEF239F26E}.Release|Any CPU.Build.0 = Release|Any CPU
		{F98562AA-F8E0-48BF-BD01-AE3C2A1F06F1}.Debug|Any CPU.ActiveCfg = Debug|Any CPU
		{F98562AA-F8E0-48BF-BD01-AE3C2A1F06F1}.Debug|Any CPU.Build.0 = Debug|Any CPU
		{F98562AA-F8E0-48BF-BD01-AE3C2A1F06F1}.Release|Any CPU.ActiveCfg = Release|Any CPU
		{F98562AA-F8E0-48BF-BD01-AE3C2A1F06F1}.Release|Any CPU.Build.0 = Release|Any CPU
		{E1A22647-CBF1-4DF1-B5BD-E1CC1FA5652D}.Debug|Any CPU.ActiveCfg = Debug|Any CPU
		{E1A22647-CBF1-4DF1-B5BD-E1CC1FA5652D}.Debug|Any CPU.Build.0 = Debug|Any CPU
		{E1A22647-CBF1-4DF1-B5BD-E1CC1FA5652D}.Release|Any CPU.ActiveCfg = Release|Any CPU
		{E1A22647-CBF1-4DF1-B5BD-E1CC1FA5652D}.Release|Any CPU.Build.0 = Release|Any CPU
	EndGlobalSection
	GlobalSection(SolutionProperties) = preSolution
		HideSolutionNode = FALSE
	EndGlobalSection
	GlobalSection(ExtensibilityGlobals) = postSolution
		SolutionGuid = {A8946A61-9F72-4D87-98E1-DB65A1A8391B}
	EndGlobalSection
EndGlobal
